
Microsoft Visual Studio Solution File, Format Version 12.00
# Visual Studio Version 16
VisualStudioVersion = 16.0.32228.343
MinimumVisualStudioVersion = 10.0.40219.1
Project("{FAE04EC0-301F-11D3-BF4B-00C04F79EFBC}") = "аквариум", "аквариум\аквариум.csproj", "{89ACFB24-7971-4A7F-95A0-014F8FA47274}"
EndProject
Global
	GlobalSection(SolutionConfigurationPlatforms) = preSolution
		Debug|Any CPU = Debug|Any CPU
		Release|Any CPU = Release|Any CPU
	EndGlobalSection
	GlobalSection(ProjectConfigurationPlatforms) = postSolution
		{89ACFB24-7971-4A7F-95A0-014F8FA47274}.Debug|Any CPU.ActiveCfg = Debug|Any CPU
		{89ACFB24-7971-4A7F-95A0-014F8FA47274}.Debug|Any CPU.Build.0 = Debug|Any CPU
		{89ACFB24-7971-4A7F-95A0-014F8FA47274}.Release|Any CPU.ActiveCfg = Release|Any CPU
		{89ACFB24-7971-4A7F-95A0-014F8FA47274}.Release|Any CPU.Build.0 = Release|Any CPU
	EndGlobalSection
	GlobalSection(SolutionProperties) = preSolution
		HideSolutionNode = FALSE
	EndGlobalSection
	GlobalSection(ExtensibilityGlobals) = postSolution
		SolutionGuid = {BD0B72E6-C313-460C-8E6D-F4340C5E99C1}
	EndGlobalSection
EndGlobal
